// !$*UTF8*$!
{
	archiveVersion = 1;
	classes = {
	};
	objectVersion = 46;
	objects = {

/* Begin PBXBuildFile section */
		4A2248AE1DD1711800F0A7A6 /* Main.storyboard in Resources */ = {isa = PBXBuildFile; fileRef = 4A2248AC1DD1711800F0A7A6 /* Main.storyboard */; };
		4A2248B01DD1711800F0A7A6 /* Assets.xcassets in Resources */ = {isa = PBXBuildFile; fileRef = 4A2248AF1DD1711800F0A7A6 /* Assets.xcassets */; };
		4A2248B31DD1711800F0A7A6 /* LaunchScreen.storyboard in Resources */ = {isa = PBXBuildFile; fileRef = 4A2248B11DD1711800F0A7A6 /* LaunchScreen.storyboard */; };
		4A2248CA1DD171D800F0A7A6 /* AppDelegate.swift in Sources */ = {isa = PBXBuildFile; fileRef = 4A2248BF1DD171D800F0A7A6 /* AppDelegate.swift */; };
		4A2248CB1DD171D800F0A7A6 /* Info.plist in Resources */ = {isa = PBXBuildFile; fileRef = 4A2248C01DD171D800F0A7A6 /* Info.plist */; };
		4A2249A51DD172BF00F0A7A6 /* bb@2x.jpg in Resources */ = {isa = PBXBuildFile; fileRef = 4A22497A1DD172BE00F0A7A6 /* bb@2x.jpg */; };
		4A2249A61DD172BF00F0A7A6 /* bb_icon@2x.jpg in Resources */ = {isa = PBXBuildFile; fileRef = 4A22497B1DD172BE00F0A7A6 /* bb_icon@2x.jpg */; };
		4A2249A71DD172BF00F0A7A6 /* dzq@2x.jpg in Resources */ = {isa = PBXBuildFile; fileRef = 4A22497C1DD172BE00F0A7A6 /* dzq@2x.jpg */; };
		4A2249A81DD172BF00F0A7A6 /* dzq_icon@2x.jpg in Resources */ = {isa = PBXBuildFile; fileRef = 4A22497D1DD172BE00F0A7A6 /* dzq_icon@2x.jpg */; };
		4A2249A91DD172BF00F0A7A6 /* eason@2x.jpg in Resources */ = {isa = PBXBuildFile; fileRef = 4A22497E1DD172BE00F0A7A6 /* eason@2x.jpg */; };
		4A2249AA1DD172BF00F0A7A6 /* eason_icon@2x.jpg in Resources */ = {isa = PBXBuildFile; fileRef = 4A22497F1DD172BE00F0A7A6 /* eason_icon@2x.jpg */; };
		4A2249AB1DD172BF00F0A7A6 /* jay@2x.jpg in Resources */ = {isa = PBXBuildFile; fileRef = 4A2249801DD172BE00F0A7A6 /* jay@2x.jpg */; };
		4A2249AC1DD172BF00F0A7A6 /* jay_icon@2x.png in Resources */ = {isa = PBXBuildFile; fileRef = 4A2249811DD172BE00F0A7A6 /* jay_icon@2x.png */; };
		4A2249AD1DD172BF00F0A7A6 /* jj@2x.jpg in Resources */ = {isa = PBXBuildFile; fileRef = 4A2249821DD172BE00F0A7A6 /* jj@2x.jpg */; };
		4A2249AE1DD172BF00F0A7A6 /* jj_icon@2x.png in Resources */ = {isa = PBXBuildFile; fileRef = 4A2249831DD172BE00F0A7A6 /* jj_icon@2x.png */; };
		4A2249AF1DD172BF00F0A7A6 /* kzxd@2x.jpg in Resources */ = {isa = PBXBuildFile; fileRef = 4A2249841DD172BE00F0A7A6 /* kzxd@2x.jpg */; };
		4A2249B01DD172BF00F0A7A6 /* kzxd_icon@2x.jpg in Resources */ = {isa = PBXBuildFile; fileRef = 4A2249851DD172BE00F0A7A6 /* kzxd_icon@2x.jpg */; };
		4A2249B11DD172BF00F0A7A6 /* lkq@2x.jpg in Resources */ = {isa = PBXBuildFile; fileRef = 4A2249861DD172BE00F0A7A6 /* lkq@2x.jpg */; };
		4A2249B21DD172BF00F0A7A6 /* lkq_icon@2x.jpg in Resources */ = {isa = PBXBuildFile; fileRef = 4A2249871DD172BE00F0A7A6 /* lkq_icon@2x.jpg */; };
		4A2249B31DD172BF00F0A7A6 /* nanquan@2x.jpg in Resources */ = {isa = PBXBuildFile; fileRef = 4A2249881DD172BE00F0A7A6 /* nanquan@2x.jpg */; };
		4A2249B41DD172BF00F0A7A6 /* nanquan_icon@2x.jpg in Resources */ = {isa = PBXBuildFile; fileRef = 4A2249891DD172BE00F0A7A6 /* nanquan_icon@2x.jpg */; };
		4A2249B51DD172BF00F0A7A6 /* wf@2x.jpg in Resources */ = {isa = PBXBuildFile; fileRef = 4A22498A1DD172BE00F0A7A6 /* wf@2x.jpg */; };
		4A2249B61DD172BF00F0A7A6 /* wf_icon@2x.jpg in Resources */ = {isa = PBXBuildFile; fileRef = 4A22498B1DD172BE00F0A7A6 /* wf_icon@2x.jpg */; };
		4A2249B71DD172BF00F0A7A6 /* zxy@2x.jpg in Resources */ = {isa = PBXBuildFile; fileRef = 4A22498C1DD172BE00F0A7A6 /* zxy@2x.jpg */; };
		4A2249B81DD172BF00F0A7A6 /* zxy_icon@2x.jpg in Resources */ = {isa = PBXBuildFile; fileRef = 4A22498D1DD172BE00F0A7A6 /* zxy_icon@2x.jpg */; };
		4A2249B91DD172BF00F0A7A6 /* 10405520.lrc in Resources */ = {isa = PBXBuildFile; fileRef = 4A22498F1DD172BE00F0A7A6 /* 10405520.lrc */; };
		4A2249BA1DD172BF00F0A7A6 /* 10736444.lrc in Resources */ = {isa = PBXBuildFile; fileRef = 4A2249901DD172BE00F0A7A6 /* 10736444.lrc */; };
		4A2249BB1DD172BF00F0A7A6 /* 120125029.lrc in Resources */ = {isa = PBXBuildFile; fileRef = 4A2249911DD172BE00F0A7A6 /* 120125029.lrc */; };
		4A2249BC1DD172BF00F0A7A6 /* 12309111.lrc in Resources */ = {isa = PBXBuildFile; fileRef = 4A2249921DD172BE00F0A7A6 /* 12309111.lrc */; };
		4A2249BD1DD172BF00F0A7A6 /* 14945107.lrc in Resources */ = {isa = PBXBuildFile; fileRef = 4A2249931DD172BF00F0A7A6 /* 14945107.lrc */; };
		4A2249BE1DD172BF00F0A7A6 /* 235319.lrc in Resources */ = {isa = PBXBuildFile; fileRef = 4A2249941DD172BF00F0A7A6 /* 235319.lrc */; };
		4A2249BF1DD172BF00F0A7A6 /* 255319.lrc in Resources */ = {isa = PBXBuildFile; fileRef = 4A2249951DD172BF00F0A7A6 /* 255319.lrc */; };
		4A2249C01DD172BF00F0A7A6 /* 309769.lrc in Resources */ = {isa = PBXBuildFile; fileRef = 4A2249961DD172BF00F0A7A6 /* 309769.lrc */; };
		4A2249C11DD172BF00F0A7A6 /* 339744.lrc in Resources */ = {isa = PBXBuildFile; fileRef = 4A2249971DD172BF00F0A7A6 /* 339744.lrc */; };
		4A2249C21DD172BF00F0A7A6 /* 月半小夜曲.lrc in Resources */ = {isa = PBXBuildFile; fileRef = 4A2249981DD172BF00F0A7A6 /* 月半小夜曲.lrc */; };
		4A2249C31DD172BF00F0A7A6 /* 10405520.mp3 in Resources */ = {isa = PBXBuildFile; fileRef = 4A22499A1DD172BF00F0A7A6 /* 10405520.mp3 */; };
		4A2249C41DD172BF00F0A7A6 /* 10736444.mp3 in Resources */ = {isa = PBXBuildFile; fileRef = 4A22499B1DD172BF00F0A7A6 /* 10736444.mp3 */; };
		4A2249C51DD172BF00F0A7A6 /* 1201111234.mp3 in Resources */ = {isa = PBXBuildFile; fileRef = 4A22499C1DD172BF00F0A7A6 /* 1201111234.mp3 */; };
		4A2249C61DD172BF00F0A7A6 /* 120125029.mp3 in Resources */ = {isa = PBXBuildFile; fileRef = 4A22499D1DD172BF00F0A7A6 /* 120125029.mp3 */; };
		4A2249C71DD172BF00F0A7A6 /* 12309111.mp3 in Resources */ = {isa = PBXBuildFile; fileRef = 4A22499E1DD172BF00F0A7A6 /* 12309111.mp3 */; };
		4A2249C81DD172BF00F0A7A6 /* 14945107.mp3 in Resources */ = {isa = PBXBuildFile; fileRef = 4A22499F1DD172BF00F0A7A6 /* 14945107.mp3 */; };
		4A2249C91DD172BF00F0A7A6 /* 235319.mp3 in Resources */ = {isa = PBXBuildFile; fileRef = 4A2249A01DD172BF00F0A7A6 /* 235319.mp3 */; };
		4A2249CA1DD172BF00F0A7A6 /* 255319.mp3 in Resources */ = {isa = PBXBuildFile; fileRef = 4A2249A11DD172BF00F0A7A6 /* 255319.mp3 */; };
		4A2249CB1DD172BF00F0A7A6 /* 309769.mp3 in Resources */ = {isa = PBXBuildFile; fileRef = 4A2249A21DD172BF00F0A7A6 /* 309769.mp3 */; };
		4A2249CC1DD172BF00F0A7A6 /* 339744.mp3 in Resources */ = {isa = PBXBuildFile; fileRef = 4A2249A31DD172BF00F0A7A6 /* 339744.mp3 */; };
		4A2249CD1DD172BF00F0A7A6 /* Musics.plist in Resources */ = {isa = PBXBuildFile; fileRef = 4A2249A41DD172BF00F0A7A6 /* Musics.plist */; };
		4A2249CF1DD1746500F0A7A6 /* QQListTableViewController.swift in Sources */ = {isa = PBXBuildFile; fileRef = 4A2249CE1DD1746500F0A7A6 /* QQListTableViewController.swift */; };
		4A2249D11DD1749200F0A7A6 /* QQDetailViewController.swift in Sources */ = {isa = PBXBuildFile; fileRef = 4A2249D01DD1749200F0A7A6 /* QQDetailViewController.swift */; };
		4A2249D31DD1754700F0A7A6 /* QQMusicModel.swift in Sources */ = {isa = PBXBuildFile; fileRef = 4A2249D21DD1754700F0A7A6 /* QQMusicModel.swift */; };
		4A2249D51DD1763400F0A7A6 /* QQDataTool.swift in Sources */ = {isa = PBXBuildFile; fileRef = 4A2249D41DD1763400F0A7A6 /* QQDataTool.swift */; };
		4A2249D81DD17C3300F0A7A6 /* QQListCell.swift in Sources */ = {isa = PBXBuildFile; fileRef = 4A2249D61DD17C3300F0A7A6 /* QQListCell.swift */; };
		4A2249D91DD17C3300F0A7A6 /* QQListCell.xib in Resources */ = {isa = PBXBuildFile; fileRef = 4A2249D71DD17C3300F0A7A6 /* QQListCell.xib */; };
		4A697D181DD1AFE900B97BAC /* QQMusicTool.swift in Sources */ = {isa = PBXBuildFile; fileRef = 4A697D171DD1AFE900B97BAC /* QQMusicTool.swift */; };
		4A697D1A1DD1B01D00B97BAC /* QQMusicOperationTool.swift in Sources */ = {isa = PBXBuildFile; fileRef = 4A697D191DD1B01D00B97BAC /* QQMusicOperationTool.swift */; };
		4A697D1C1DD2BD5A00B97BAC /* QQMusicMessageModel.swift in Sources */ = {isa = PBXBuildFile; fileRef = 4A697D1B1DD2BD5A00B97BAC /* QQMusicMessageModel.swift */; };
		4A697D1E1DD2BDE800B97BAC /* QQTimeTool.swift in Sources */ = {isa = PBXBuildFile; fileRef = 4A697D1D1DD2BDE800B97BAC /* QQTimeTool.swift */; };
		4A697D201DD2C86200B97BAC /* CALayerAnimation.swift in Sources */ = {isa = PBXBuildFile; fileRef = 4A697D1F1DD2C86200B97BAC /* CALayerAnimation.swift */; };
/* End PBXBuildFile section */

/* Begin PBXFileReference section */
		4A2248A51DD1711800F0A7A6 /* QQMusic.app */ = {isa = PBXFileReference; explicitFileType = wrapper.application; includeInIndex = 0; path = QQMusic.app; sourceTree = BUILT_PRODUCTS_DIR; };
		4A2248AD1DD1711800F0A7A6 /* Base */ = {isa = PBXFileReference; lastKnownFileType = file.storyboard; name = Base; path = Base.lproj/Main.storyboard; sourceTree = "<group>"; };
		4A2248AF1DD1711800F0A7A6 /* Assets.xcassets */ = {isa = PBXFileReference; lastKnownFileType = folder.assetcatalog; path = Assets.xcassets; sourceTree = "<group>"; };
		4A2248B21DD1711800F0A7A6 /* Base */ = {isa = PBXFileReference; lastKnownFileType = file.storyboard; name = Base; path = Base.lproj/LaunchScreen.storyboard; sourceTree = "<group>"; };
		4A2248BF1DD171D800F0A7A6 /* AppDelegate.swift */ = {isa = PBXFileReference; fileEncoding = 4; lastKnownFileType = sourcecode.swift; path = AppDelegate.swift; sourceTree = "<group>"; };
		4A2248C01DD171D800F0A7A6 /* Info.plist */ = {isa = PBXFileReference; fileEncoding = 4; lastKnownFileType = text.plist.xml; path = Info.plist; sourceTree = "<group>"; };
		4A22497A1DD172BE00F0A7A6 /* bb@2x.jpg */ = {isa = PBXFileReference; lastKnownFileType = image.jpeg; path = "bb@2x.jpg"; sourceTree = "<group>"; };
		4A22497B1DD172BE00F0A7A6 /* bb_icon@2x.jpg */ = {isa = PBXFileReference; lastKnownFileType = image.jpeg; path = "bb_icon@2x.jpg"; sourceTree = "<group>"; };
		4A22497C1DD172BE00F0A7A6 /* dzq@2x.jpg */ = {isa = PBXFileReference; lastKnownFileType = image.jpeg; path = "dzq@2x.jpg"; sourceTree = "<group>"; };
		4A22497D1DD172BE00F0A7A6 /* dzq_icon@2x.jpg */ = {isa = PBXFileReference; lastKnownFileType = image.jpeg; path = "dzq_icon@2x.jpg"; sourceTree = "<group>"; };
		4A22497E1DD172BE00F0A7A6 /* eason@2x.jpg */ = {isa = PBXFileReference; lastKnownFileType = image.jpeg; path = "eason@2x.jpg"; sourceTree = "<group>"; };
		4A22497F1DD172BE00F0A7A6 /* eason_icon@2x.jpg */ = {isa = PBXFileReference; lastKnownFileType = image.jpeg; path = "eason_icon@2x.jpg"; sourceTree = "<group>"; };
		4A2249801DD172BE00F0A7A6 /* jay@2x.jpg */ = {isa = PBXFileReference; lastKnownFileType = image.jpeg; path = "jay@2x.jpg"; sourceTree = "<group>"; };
		4A2249811DD172BE00F0A7A6 /* jay_icon@2x.png */ = {isa = PBXFileReference; lastKnownFileType = image.png; path = "jay_icon@2x.png"; sourceTree = "<group>"; };
		4A2249821DD172BE00F0A7A6 /* jj@2x.jpg */ = {isa = PBXFileReference; lastKnownFileType = image.jpeg; path = "jj@2x.jpg"; sourceTree = "<group>"; };
		4A2249831DD172BE00F0A7A6 /* jj_icon@2x.png */ = {isa = PBXFileReference; lastKnownFileType = image.png; path = "jj_icon@2x.png"; sourceTree = "<group>"; };
		4A2249841DD172BE00F0A7A6 /* kzxd@2x.jpg */ = {isa = PBXFileReference; lastKnownFileType = image.jpeg; path = "kzxd@2x.jpg"; sourceTree = "<group>"; };
		4A2249851DD172BE00F0A7A6 /* kzxd_icon@2x.jpg */ = {isa = PBXFileReference; lastKnownFileType = image.jpeg; path = "kzxd_icon@2x.jpg"; sourceTree = "<group>"; };
		4A2249861DD172BE00F0A7A6 /* lkq@2x.jpg */ = {isa = PBXFileReference; lastKnownFileType = image.jpeg; path = "lkq@2x.jpg"; sourceTree = "<group>"; };
		4A2249871DD172BE00F0A7A6 /* lkq_icon@2x.jpg */ = {isa = PBXFileReference; lastKnownFileType = image.jpeg; path = "lkq_icon@2x.jpg"; sourceTree = "<group>"; };
		4A2249881DD172BE00F0A7A6 /* nanquan@2x.jpg */ = {isa = PBXFileReference; lastKnownFileType = image.jpeg; path = "nanquan@2x.jpg"; sourceTree = "<group>"; };
		4A2249891DD172BE00F0A7A6 /* nanquan_icon@2x.jpg */ = {isa = PBXFileReference; lastKnownFileType = image.jpeg; path = "nanquan_icon@2x.jpg"; sourceTree = "<group>"; };
		4A22498A1DD172BE00F0A7A6 /* wf@2x.jpg */ = {isa = PBXFileReference; lastKnownFileType = image.jpeg; path = "wf@2x.jpg"; sourceTree = "<group>"; };
		4A22498B1DD172BE00F0A7A6 /* wf_icon@2x.jpg */ = {isa = PBXFileReference; lastKnownFileType = image.jpeg; path = "wf_icon@2x.jpg"; sourceTree = "<group>"; };
		4A22498C1DD172BE00F0A7A6 /* zxy@2x.jpg */ = {isa = PBXFileReference; lastKnownFileType = image.jpeg; path = "zxy@2x.jpg"; sourceTree = "<group>"; };
		4A22498D1DD172BE00F0A7A6 /* zxy_icon@2x.jpg */ = {isa = PBXFileReference; lastKnownFileType = image.jpeg; path = "zxy_icon@2x.jpg"; sourceTree = "<group>"; };
		4A22498F1DD172BE00F0A7A6 /* 10405520.lrc */ = {isa = PBXFileReference; fileEncoding = 4; lastKnownFileType = text; path = 10405520.lrc; sourceTree = "<group>"; };
		4A2249901DD172BE00F0A7A6 /* 10736444.lrc */ = {isa = PBXFileReference; fileEncoding = 4; lastKnownFileType = text; path = 10736444.lrc; sourceTree = "<group>"; };
		4A2249911DD172BE00F0A7A6 /* 120125029.lrc */ = {isa = PBXFileReference; fileEncoding = 4; lastKnownFileType = text; path = 120125029.lrc; sourceTree = "<group>"; };
		4A2249921DD172BE00F0A7A6 /* 12309111.lrc */ = {isa = PBXFileReference; fileEncoding = 4; lastKnownFileType = text; path = 12309111.lrc; sourceTree = "<group>"; };
		4A2249931DD172BF00F0A7A6 /* 14945107.lrc */ = {isa = PBXFileReference; fileEncoding = 4; lastKnownFileType = text; path = 14945107.lrc; sourceTree = "<group>"; };
		4A2249941DD172BF00F0A7A6 /* 235319.lrc */ = {isa = PBXFileReference; fileEncoding = 4; lastKnownFileType = text; path = 235319.lrc; sourceTree = "<group>"; };
		4A2249951DD172BF00F0A7A6 /* 255319.lrc */ = {isa = PBXFileReference; fileEncoding = 4; lastKnownFileType = text; path = 255319.lrc; sourceTree = "<group>"; };
		4A2249961DD172BF00F0A7A6 /* 309769.lrc */ = {isa = PBXFileReference; fileEncoding = 4; lastKnownFileType = text; path = 309769.lrc; sourceTree = "<group>"; };
		4A2249971DD172BF00F0A7A6 /* 339744.lrc */ = {isa = PBXFileReference; fileEncoding = 4; lastKnownFileType = text; path = 339744.lrc; sourceTree = "<group>"; };
		4A2249981DD172BF00F0A7A6 /* 月半小夜曲.lrc */ = {isa = PBXFileReference; fileEncoding = 4; lastKnownFileType = text; path = "月半小夜曲.lrc"; sourceTree = "<group>"; };
		4A22499A1DD172BF00F0A7A6 /* 10405520.mp3 */ = {isa = PBXFileReference; lastKnownFileType = audio.mp3; path = 10405520.mp3; sourceTree = "<group>"; };
		4A22499B1DD172BF00F0A7A6 /* 10736444.mp3 */ = {isa = PBXFileReference; lastKnownFileType = audio.mp3; path = 10736444.mp3; sourceTree = "<group>"; };
		4A22499C1DD172BF00F0A7A6 /* 1201111234.mp3 */ = {isa = PBXFileReference; lastKnownFileType = audio.mp3; path = 1201111234.mp3; sourceTree = "<group>"; };
		4A22499D1DD172BF00F0A7A6 /* 120125029.mp3 */ = {isa = PBXFileReference; lastKnownFileType = audio.mp3; path = 120125029.mp3; sourceTree = "<group>"; };
		4A22499E1DD172BF00F0A7A6 /* 12309111.mp3 */ = {isa = PBXFileReference; lastKnownFileType = audio.mp3; path = 12309111.mp3; sourceTree = "<group>"; };
		4A22499F1DD172BF00F0A7A6 /* 14945107.mp3 */ = {isa = PBXFileReference; lastKnownFileType = audio.mp3; path = 14945107.mp3; sourceTree = "<group>"; };
		4A2249A01DD172BF00F0A7A6 /* 235319.mp3 */ = {isa = PBXFileReference; lastKnownFileType = audio.mp3; path = 235319.mp3; sourceTree = "<group>"; };
		4A2249A11DD172BF00F0A7A6 /* 255319.mp3 */ = {isa = PBXFileReference; lastKnownFileType = audio.mp3; path = 255319.mp3; sourceTree = "<group>"; };
		4A2249A21DD172BF00F0A7A6 /* 309769.mp3 */ = {isa = PBXFileReference; lastKnownFileType = audio.mp3; path = 309769.mp3; sourceTree = "<group>"; };
		4A2249A31DD172BF00F0A7A6 /* 339744.mp3 */ = {isa = PBXFileReference; lastKnownFileType = audio.mp3; path = 339744.mp3; sourceTree = "<group>"; };
		4A2249A41DD172BF00F0A7A6 /* Musics.plist */ = {isa = PBXFileReference; fileEncoding = 4; lastKnownFileType = text.plist.xml; path = Musics.plist; sourceTree = "<group>"; };
		4A2249CE1DD1746500F0A7A6 /* QQListTableViewController.swift */ = {isa = PBXFileReference; fileEncoding = 4; lastKnownFileType = sourcecode.swift; path = QQListTableViewController.swift; sourceTree = "<group>"; };
		4A2249D01DD1749200F0A7A6 /* QQDetailViewController.swift */ = {isa = PBXFileReference; fileEncoding = 4; lastKnownFileType = sourcecode.swift; path = QQDetailViewController.swift; sourceTree = "<group>"; };
		4A2249D21DD1754700F0A7A6 /* QQMusicModel.swift */ = {isa = PBXFileReference; fileEncoding = 4; lastKnownFileType = sourcecode.swift; path = QQMusicModel.swift; sourceTree = "<group>"; };
		4A2249D41DD1763400F0A7A6 /* QQDataTool.swift */ = {isa = PBXFileReference; fileEncoding = 4; lastKnownFileType = sourcecode.swift; path = QQDataTool.swift; sourceTree = "<group>"; };
		4A2249D61DD17C3300F0A7A6 /* QQListCell.swift */ = {isa = PBXFileReference; fileEncoding = 4; lastKnownFileType = sourcecode.swift; path = QQListCell.swift; sourceTree = "<group>"; };
		4A2249D71DD17C3300F0A7A6 /* QQListCell.xib */ = {isa = PBXFileReference; fileEncoding = 4; lastKnownFileType = file.xib; path = QQListCell.xib; sourceTree = "<group>"; };
		4A697D171DD1AFE900B97BAC /* QQMusicTool.swift */ = {isa = PBXFileReference; fileEncoding = 4; lastKnownFileType = sourcecode.swift; path = QQMusicTool.swift; sourceTree = "<group>"; };
		4A697D191DD1B01D00B97BAC /* QQMusicOperationTool.swift */ = {isa = PBXFileReference; fileEncoding = 4; lastKnownFileType = sourcecode.swift; path = QQMusicOperationTool.swift; sourceTree = "<group>"; };
		4A697D1B1DD2BD5A00B97BAC /* QQMusicMessageModel.swift */ = {isa = PBXFileReference; fileEncoding = 4; lastKnownFileType = sourcecode.swift; path = QQMusicMessageModel.swift; sourceTree = "<group>"; };
		4A697D1D1DD2BDE800B97BAC /* QQTimeTool.swift */ = {isa = PBXFileReference; fileEncoding = 4; lastKnownFileType = sourcecode.swift; path = QQTimeTool.swift; sourceTree = "<group>"; };
		4A697D1F1DD2C86200B97BAC /* CALayerAnimation.swift */ = {isa = PBXFileReference; fileEncoding = 4; lastKnownFileType = sourcecode.swift; path = CALayerAnimation.swift; sourceTree = "<group>"; };
/* End PBXFileReference section */

/* Begin PBXFrameworksBuildPhase section */
		4A2248A21DD1711800F0A7A6 /* Frameworks */ = {
			isa = PBXFrameworksBuildPhase;
			buildActionMask = 2147483647;
			files = (
			);
			runOnlyForDeploymentPostprocessing = 0;
		};
/* End PBXFrameworksBuildPhase section */

/* Begin PBXGroup section */
		4A22489C1DD1711800F0A7A6 = {
			isa = PBXGroup;
			children = (
				4A2248A71DD1711800F0A7A6 /* QQMusic */,
				4A2248A61DD1711800F0A7A6 /* Products */,
			);
			sourceTree = "<group>";
		};
		4A2248A61DD1711800F0A7A6 /* Products */ = {
			isa = PBXGroup;
			children = (
				4A2248A51DD1711800F0A7A6 /* QQMusic.app */,
			);
			name = Products;
			sourceTree = "<group>";
		};
		4A2248A71DD1711800F0A7A6 /* QQMusic */ = {
			isa = PBXGroup;
			children = (
				4A2248BA1DD171D800F0A7A6 /* Classes */,
				4A2248AC1DD1711800F0A7A6 /* Main.storyboard */,
				4A2248AF1DD1711800F0A7A6 /* Assets.xcassets */,
				4A2248B11DD1711800F0A7A6 /* LaunchScreen.storyboard */,
				4A2249781DD172BE00F0A7A6 /* QQResources */,
			);
			path = QQMusic;
			sourceTree = "<group>";
		};
		4A2248BA1DD171D800F0A7A6 /* Classes */ = {
			isa = PBXGroup;
			children = (
				4A2248C61DD171D800F0A7A6 /* QQList */,
				4A2248C21DD171D800F0A7A6 /* QQDetail */,
				4A2248BB1DD171D800F0A7A6 /* Other */,
			);
			path = Classes;
			sourceTree = "<group>";
		};
		4A2248BB1DD171D800F0A7A6 /* Other */ = {
			isa = PBXGroup;
			children = (
				4A2248BC1DD171D800F0A7A6 /* Category */,
				4A2248BD1DD171D800F0A7A6 /* DataTool */,
				4A2248BE1DD171D800F0A7A6 /* System */,
				4A2248C11DD171D800F0A7A6 /* Tool */,
			);
			path = Other;
			sourceTree = "<group>";
		};
		4A2248BC1DD171D800F0A7A6 /* Category */ = {
			isa = PBXGroup;
			children = (
				4A697D1F1DD2C86200B97BAC /* CALayerAnimation.swift */,
			);
			path = Category;
			sourceTree = "<group>";
		};
		4A2248BD1DD171D800F0A7A6 /* DataTool */ = {
			isa = PBXGroup;
			children = (
				4A2249D41DD1763400F0A7A6 /* QQDataTool.swift */,
			);
			path = DataTool;
			sourceTree = "<group>";
		};
		4A2248BE1DD171D800F0A7A6 /* System */ = {
			isa = PBXGroup;
			children = (
				4A2248BF1DD171D800F0A7A6 /* AppDelegate.swift */,
				4A2248C01DD171D800F0A7A6 /* Info.plist */,
			);
			path = System;
			sourceTree = "<group>";
		};
		4A2248C11DD171D800F0A7A6 /* Tool */ = {
			isa = PBXGroup;
			children = (
				4A697D171DD1AFE900B97BAC /* QQMusicTool.swift */,
				4A697D191DD1B01D00B97BAC /* QQMusicOperationTool.swift */,
				4A697D1D1DD2BDE800B97BAC /* QQTimeTool.swift */,
			);
			path = Tool;
			sourceTree = "<group>";
		};
		4A2248C21DD171D800F0A7A6 /* QQDetail */ = {
			isa = PBXGroup;
			children = (
				4A2248C31DD171D800F0A7A6 /* Controller */,
				4A2248C41DD171D800F0A7A6 /* Model */,
				4A2248C51DD171D800F0A7A6 /* View */,
			);
			path = QQDetail;
			sourceTree = "<group>";
		};
		4A2248C31DD171D800F0A7A6 /* Controller */ = {
			isa = PBXGroup;
			children = (
				4A2249D01DD1749200F0A7A6 /* QQDetailViewController.swift */,
			);
			path = Controller;
			sourceTree = "<group>";
		};
		4A2248C41DD171D800F0A7A6 /* Model */ = {
			isa = PBXGroup;
			children = (
				4A697D1B1DD2BD5A00B97BAC /* QQMusicMessageModel.swift */,
			);
			path = Model;
			sourceTree = "<group>";
		};
		4A2248C51DD171D800F0A7A6 /* View */ = {
			isa = PBXGroup;
			children = (
			);
			path = View;
			sourceTree = "<group>";
		};
		4A2248C61DD171D800F0A7A6 /* QQList */ = {
			isa = PBXGroup;
			children = (
				4A2248C71DD171D800F0A7A6 /* Controller */,
				4A2248C81DD171D800F0A7A6 /* Model */,
				4A2248C91DD171D800F0A7A6 /* View */,
			);
			path = QQList;
			sourceTree = "<group>";
		};
		4A2248C71DD171D800F0A7A6 /* Controller */ = {
			isa = PBXGroup;
			children = (
				4A2249CE1DD1746500F0A7A6 /* QQListTableViewController.swift */,
			);
			path = Controller;
			sourceTree = "<group>";
		};
		4A2248C81DD171D800F0A7A6 /* Model */ = {
			isa = PBXGroup;
			children = (
				4A2249D21DD1754700F0A7A6 /* QQMusicModel.swift */,
			);
			path = Model;
			sourceTree = "<group>";
		};
		4A2248C91DD171D800F0A7A6 /* View */ = {
			isa = PBXGroup;
			children = (
				4A2249D61DD17C3300F0A7A6 /* QQListCell.swift */,
				4A2249D71DD17C3300F0A7A6 /* QQListCell.xib */,
			);
			path = View;
			sourceTree = "<group>";
		};
		4A2249781DD172BE00F0A7A6 /* QQResources */ = {
			isa = PBXGroup;
			children = (
				4A2249791DD172BE00F0A7A6 /* Images */,
				4A22498E1DD172BE00F0A7A6 /* Lrcs */,
				4A2249991DD172BF00F0A7A6 /* MP3s */,
				4A2249A41DD172BF00F0A7A6 /* Musics.plist */,
			);
			name = QQResources;
			path = ../QQResources;
			sourceTree = "<group>";
		};
		4A2249791DD172BE00F0A7A6 /* Images */ = {
			isa = PBXGroup;
			children = (
				4A22497A1DD172BE00F0A7A6 /* bb@2x.jpg */,
				4A22497B1DD172BE00F0A7A6 /* bb_icon@2x.jpg */,
				4A22497C1DD172BE00F0A7A6 /* dzq@2x.jpg */,
				4A22497D1DD172BE00F0A7A6 /* dzq_icon@2x.jpg */,
				4A22497E1DD172BE00F0A7A6 /* eason@2x.jpg */,
				4A22497F1DD172BE00F0A7A6 /* eason_icon@2x.jpg */,
				4A2249801DD172BE00F0A7A6 /* jay@2x.jpg */,
				4A2249811DD172BE00F0A7A6 /* jay_icon@2x.png */,
				4A2249821DD172BE00F0A7A6 /* jj@2x.jpg */,
				4A2249831DD172BE00F0A7A6 /* jj_icon@2x.png */,
				4A2249841DD172BE00F0A7A6 /* kzxd@2x.jpg */,
				4A2249851DD172BE00F0A7A6 /* kzxd_icon@2x.jpg */,
				4A2249861DD172BE00F0A7A6 /* lkq@2x.jpg */,
				4A2249871DD172BE00F0A7A6 /* lkq_icon@2x.jpg */,
				4A2249881DD172BE00F0A7A6 /* nanquan@2x.jpg */,
				4A2249891DD172BE00F0A7A6 /* nanquan_icon@2x.jpg */,
				4A22498A1DD172BE00F0A7A6 /* wf@2x.jpg */,
				4A22498B1DD172BE00F0A7A6 /* wf_icon@2x.jpg */,
				4A22498C1DD172BE00F0A7A6 /* zxy@2x.jpg */,
				4A22498D1DD172BE00F0A7A6 /* zxy_icon@2x.jpg */,
			);
			path = Images;
			sourceTree = "<group>";
		};
		4A22498E1DD172BE00F0A7A6 /* Lrcs */ = {
			isa = PBXGroup;
			children = (
				4A22498F1DD172BE00F0A7A6 /* 10405520.lrc */,
				4A2249901DD172BE00F0A7A6 /* 10736444.lrc */,
				4A2249911DD172BE00F0A7A6 /* 120125029.lrc */,
				4A2249921DD172BE00F0A7A6 /* 12309111.lrc */,
				4A2249931DD172BF00F0A7A6 /* 14945107.lrc */,
				4A2249941DD172BF00F0A7A6 /* 235319.lrc */,
				4A2249951DD172BF00F0A7A6 /* 255319.lrc */,
				4A2249961DD172BF00F0A7A6 /* 309769.lrc */,
				4A2249971DD172BF00F0A7A6 /* 339744.lrc */,
				4A2249981DD172BF00F0A7A6 /* 月半小夜曲.lrc */,
			);
			path = Lrcs;
			sourceTree = "<group>";
		};
		4A2249991DD172BF00F0A7A6 /* MP3s */ = {
			isa = PBXGroup;
			children = (
				4A22499A1DD172BF00F0A7A6 /* 10405520.mp3 */,
				4A22499B1DD172BF00F0A7A6 /* 10736444.mp3 */,
				4A22499C1DD172BF00F0A7A6 /* 1201111234.mp3 */,
				4A22499D1DD172BF00F0A7A6 /* 120125029.mp3 */,
				4A22499E1DD172BF00F0A7A6 /* 12309111.mp3 */,
				4A22499F1DD172BF00F0A7A6 /* 14945107.mp3 */,
				4A2249A01DD172BF00F0A7A6 /* 235319.mp3 */,
				4A2249A11DD172BF00F0A7A6 /* 255319.mp3 */,
				4A2249A21DD172BF00F0A7A6 /* 309769.mp3 */,
				4A2249A31DD172BF00F0A7A6 /* 339744.mp3 */,
			);
			path = MP3s;
			sourceTree = "<group>";
		};
/* End PBXGroup section */

/* Begin PBXNativeTarget section */
		4A2248A41DD1711800F0A7A6 /* QQMusic */ = {
			isa = PBXNativeTarget;
			buildConfigurationList = 4A2248B71DD1711800F0A7A6 /* Build configuration list for PBXNativeTarget "QQMusic" */;
			buildPhases = (
				4A2248A11DD1711800F0A7A6 /* Sources */,
				4A2248A21DD1711800F0A7A6 /* Frameworks */,
				4A2248A31DD1711800F0A7A6 /* Resources */,
			);
			buildRules = (
			);
			dependencies = (
			);
			name = QQMusic;
			productName = QQMusic;
			productReference = 4A2248A51DD1711800F0A7A6 /* QQMusic.app */;
			productType = "com.apple.product-type.application";
		};
/* End PBXNativeTarget section */

/* Begin PBXProject section */
		4A22489D1DD1711800F0A7A6 /* Project object */ = {
			isa = PBXProject;
			attributes = {
				LastSwiftUpdateCheck = 0800;
				LastUpgradeCheck = 0800;
				ORGANIZATIONNAME = KC;
				TargetAttributes = {
					4A2248A41DD1711800F0A7A6 = {
						CreatedOnToolsVersion = 8.0;
						DevelopmentTeam = 5J32R9MXM2;
						ProvisioningStyle = Automatic;
					};
				};
			};
			buildConfigurationList = 4A2248A01DD1711800F0A7A6 /* Build configuration list for PBXProject "QQMusic" */;
			compatibilityVersion = "Xcode 3.2";
			developmentRegion = English;
			hasScannedForEncodings = 0;
			knownRegions = (
				en,
				Base,
			);
			mainGroup = 4A22489C1DD1711800F0A7A6;
			productRefGroup = 4A2248A61DD1711800F0A7A6 /* Products */;
			projectDirPath = "";
			projectRoot = "";
			targets = (
				4A2248A41DD1711800F0A7A6 /* QQMusic */,
			);
		};
/* End PBXProject section */

/* Begin PBXResourcesBuildPhase section */
		4A2248A31DD1711800F0A7A6 /* Resources */ = {
			isa = PBXResourcesBuildPhase;
			buildActionMask = 2147483647;
			files = (
				4A2249BA1DD172BF00F0A7A6 /* 10736444.lrc in Resources */,
				4A2249BC1DD172BF00F0A7A6 /* 12309111.lrc in Resources */,
				4A2249BF1DD172BF00F0A7A6 /* 255319.lrc in Resources */,
				4A2249C61DD172BF00F0A7A6 /* 120125029.mp3 in Resources */,
				4A2248CB1DD171D800F0A7A6 /* Info.plist in Resources */,
				4A2249A61DD172BF00F0A7A6 /* bb_icon@2x.jpg in Resources */,
				4A2249B61DD172BF00F0A7A6 /* wf_icon@2x.jpg in Resources */,
				4A2249B41DD172BF00F0A7A6 /* nanquan_icon@2x.jpg in Resources */,
				4A2249C41DD172BF00F0A7A6 /* 10736444.mp3 in Resources */,
				4A2249CA1DD172BF00F0A7A6 /* 255319.mp3 in Resources */,
				4A2249B01DD172BF00F0A7A6 /* kzxd_icon@2x.jpg in Resources */,
				4A2249C91DD172BF00F0A7A6 /* 235319.mp3 in Resources */,
				4A2249AF1DD172BF00F0A7A6 /* kzxd@2x.jpg in Resources */,
				4A2249B51DD172BF00F0A7A6 /* wf@2x.jpg in Resources */,
				4A2249AA1DD172BF00F0A7A6 /* eason_icon@2x.jpg in Resources */,
				4A2249C11DD172BF00F0A7A6 /* 339744.lrc in Resources */,
				4A2249B91DD172BF00F0A7A6 /* 10405520.lrc in Resources */,
				4A2248B31DD1711800F0A7A6 /* LaunchScreen.storyboard in Resources */,
				4A2249C71DD172BF00F0A7A6 /* 12309111.mp3 in Resources */,
				4A2249B31DD172BF00F0A7A6 /* nanquan@2x.jpg in Resources */,
				4A2249A91DD172BF00F0A7A6 /* eason@2x.jpg in Resources */,
				4A2249B81DD172BF00F0A7A6 /* zxy_icon@2x.jpg in Resources */,
				4A2248B01DD1711800F0A7A6 /* Assets.xcassets in Resources */,
				4A2249C51DD172BF00F0A7A6 /* 1201111234.mp3 in Resources */,
				4A2248AE1DD1711800F0A7A6 /* Main.storyboard in Resources */,
				4A2249CD1DD172BF00F0A7A6 /* Musics.plist in Resources */,
				4A2249AE1DD172BF00F0A7A6 /* jj_icon@2x.png in Resources */,
				4A2249BE1DD172BF00F0A7A6 /* 235319.lrc in Resources */,
				4A2249A51DD172BF00F0A7A6 /* bb@2x.jpg in Resources */,
				4A2249BB1DD172BF00F0A7A6 /* 120125029.lrc in Resources */,
				4A2249AC1DD172BF00F0A7A6 /* jay_icon@2x.png in Resources */,
				4A2249D91DD17C3300F0A7A6 /* QQListCell.xib in Resources */,
				4A2249CC1DD172BF00F0A7A6 /* 339744.mp3 in Resources */,
				4A2249AD1DD172BF00F0A7A6 /* jj@2x.jpg in Resources */,
				4A2249B11DD172BF00F0A7A6 /* lkq@2x.jpg in Resources */,
				4A2249B21DD172BF00F0A7A6 /* lkq_icon@2x.jpg in Resources */,
				4A2249C31DD172BF00F0A7A6 /* 10405520.mp3 in Resources */,
				4A2249BD1DD172BF00F0A7A6 /* 14945107.lrc in Resources */,
				4A2249C81DD172BF00F0A7A6 /* 14945107.mp3 in Resources */,
				4A2249C01DD172BF00F0A7A6 /* 309769.lrc in Resources */,
				4A2249AB1DD172BF00F0A7A6 /* jay@2x.jpg in Resources */,
				4A2249CB1DD172BF00F0A7A6 /* 309769.mp3 in Resources */,
				4A2249B71DD172BF00F0A7A6 /* zxy@2x.jpg in Resources */,
				4A2249C21DD172BF00F0A7A6 /* 月半小夜曲.lrc in Resources */,
				4A2249A71DD172BF00F0A7A6 /* dzq@2x.jpg in Resources */,
				4A2249A81DD172BF00F0A7A6 /* dzq_icon@2x.jpg in Resources */,
			);
			runOnlyForDeploymentPostprocessing = 0;
		};
/* End PBXResourcesBuildPhase section */

/* Begin PBXSourcesBuildPhase section */
		4A2248A11DD1711800F0A7A6 /* Sources */ = {
			isa = PBXSourcesBuildPhase;
			buildActionMask = 2147483647;
			files = (
				4A2249D11DD1749200F0A7A6 /* QQDetailViewController.swift in Sources */,
				4A2249D31DD1754700F0A7A6 /* QQMusicModel.swift in Sources */,
				4A697D1E1DD2BDE800B97BAC /* QQTimeTool.swift in Sources */,
				4A697D1C1DD2BD5A00B97BAC /* QQMusicMessageModel.swift in Sources */,
				4A697D181DD1AFE900B97BAC /* QQMusicTool.swift in Sources */,
				4A2248CA1DD171D800F0A7A6 /* AppDelegate.swift in Sources */,
				4A2249D81DD17C3300F0A7A6 /* QQListCell.swift in Sources */,
				4A2249CF1DD1746500F0A7A6 /* QQListTableViewController.swift in Sources */,
				4A697D201DD2C86200B97BAC /* CALayerAnimation.swift in Sources */,
				4A2249D51DD1763400F0A7A6 /* QQDataTool.swift in Sources */,
				4A697D1A1DD1B01D00B97BAC /* QQMusicOperationTool.swift in Sources */,
			);
			runOnlyForDeploymentPostprocessing = 0;
		};
/* End PBXSourcesBuildPhase section */

/* Begin PBXVariantGroup section */
		4A2248AC1DD1711800F0A7A6 /* Main.storyboard */ = {
			isa = PBXVariantGroup;
			children = (
				4A2248AD1DD1711800F0A7A6 /* Base */,
			);
			name = Main.storyboard;
			sourceTree = "<group>";
		};
		4A2248B11DD1711800F0A7A6 /* LaunchScreen.storyboard */ = {
			isa = PBXVariantGroup;
			children = (
				4A2248B21DD1711800F0A7A6 /* Base */,
			);
			name = LaunchScreen.storyboard;
			sourceTree = "<group>";
		};
/* End PBXVariantGroup section */

/* Begin XCBuildConfiguration section */
		4A2248B51DD1711800F0A7A6 /* Debug */ = {
			isa = XCBuildConfiguration;
			buildSettings = {
				ALWAYS_SEARCH_USER_PATHS = NO;
				CLANG_ANALYZER_NONNULL = YES;
				CLANG_CXX_LANGUAGE_STANDARD = "gnu++0x";
				CLANG_CXX_LIBRARY = "libc++";
				CLANG_ENABLE_MODULES = YES;
				CLANG_ENABLE_OBJC_ARC = YES;
				CLANG_WARN_BOOL_CONVERSION = YES;
				CLANG_WARN_CONSTANT_CONVERSION = YES;
				CLANG_WARN_DIRECT_OBJC_ISA_USAGE = YES_ERROR;
				CLANG_WARN_DOCUMENTATION_COMMENTS = YES;
				CLANG_WARN_EMPTY_BODY = YES;
				CLANG_WARN_ENUM_CONVERSION = YES;
				CLANG_WARN_INFINITE_RECURSION = YES;
				CLANG_WARN_INT_CONVERSION = YES;
				CLANG_WARN_OBJC_ROOT_CLASS = YES_ERROR;
				CLANG_WARN_SUSPICIOUS_MOVES = YES;
				CLANG_WARN_UNREACHABLE_CODE = YES;
				CLANG_WARN__DUPLICATE_METHOD_MATCH = YES;
				"CODE_SIGN_IDENTITY[sdk=iphoneos*]" = "iPhone Developer";
				COPY_PHASE_STRIP = NO;
				DEBUG_INFORMATION_FORMAT = dwarf;
				ENABLE_STRICT_OBJC_MSGSEND = YES;
				ENABLE_TESTABILITY = YES;
				GCC_C_LANGUAGE_STANDARD = gnu99;
				GCC_DYNAMIC_NO_PIC = NO;
				GCC_NO_COMMON_BLOCKS = YES;
				GCC_OPTIMIZATION_LEVEL = 0;
				GCC_PREPROCESSOR_DEFINITIONS = (
					"DEBUG=1",
					"$(inherited)",
				);
				GCC_WARN_64_TO_32_BIT_CONVERSION = YES;
				GCC_WARN_ABOUT_RETURN_TYPE = YES_ERROR;
				GCC_WARN_UNDECLARED_SELECTOR = YES;
				GCC_WARN_UNINITIALIZED_AUTOS = YES_AGGRESSIVE;
				GCC_WARN_UNUSED_FUNCTION = YES;
				GCC_WARN_UNUSED_VARIABLE = YES;
				IPHONEOS_DEPLOYMENT_TARGET = 10.0;
				MTL_ENABLE_DEBUG_INFO = YES;
				ONLY_ACTIVE_ARCH = YES;
				SDKROOT = iphoneos;
				SWIFT_ACTIVE_COMPILATION_CONDITIONS = DEBUG;
				SWIFT_OPTIMIZATION_LEVEL = "-Onone";
			};
			name = Debug;
		};
		4A2248B61DD1711800F0A7A6 /* Release */ = {
			isa = XCBuildConfiguration;
			buildSettings = {
				ALWAYS_SEARCH_USER_PATHS = NO;
				CLANG_ANALYZER_NONNULL = YES;
				CLANG_CXX_LANGUAGE_STANDARD = "gnu++0x";
				CLANG_CXX_LIBRARY = "libc++";
				CLANG_ENABLE_MODULES = YES;
				CLANG_ENABLE_OBJC_ARC = YES;
				CLANG_WARN_BOOL_CONVERSION = YES;
				CLANG_WARN_CONSTANT_CONVERSION = YES;
				CLANG_WARN_DIRECT_OBJC_ISA_USAGE = YES_ERROR;
				CLANG_WARN_DOCUMENTATION_COMMENTS = YES;
				CLANG_WARN_EMPTY_BODY = YES;
				CLANG_WARN_ENUM_CONVERSION = YES;
				CLANG_WARN_INFINITE_RECURSION = YES;
				CLANG_WARN_INT_CONVERSION = YES;
				CLANG_WARN_OBJC_ROOT_CLASS = YES_ERROR;
				CLANG_WARN_SUSPICIOUS_MOVES = YES;
				CLANG_WARN_UNREACHABLE_CODE = YES;
				CLANG_WARN__DUPLICATE_METHOD_MATCH = YES;
				"CODE_SIGN_IDENTITY[sdk=iphoneos*]" = "iPhone Developer";
				COPY_PHASE_STRIP = NO;
				DEBUG_INFORMATION_FORMAT = "dwarf-with-dsym";
				ENABLE_NS_ASSERTIONS = NO;
				ENABLE_STRICT_OBJC_MSGSEND = YES;
				GCC_C_LANGUAGE_STANDARD = gnu99;
				GCC_NO_COMMON_BLOCKS = YES;
				GCC_WARN_64_TO_32_BIT_CONVERSION = YES;
				GCC_WARN_ABOUT_RETURN_TYPE = YES_ERROR;
				GCC_WARN_UNDECLARED_SELECTOR = YES;
				GCC_WARN_UNINITIALIZED_AUTOS = YES_AGGRESSIVE;
				GCC_WARN_UNUSED_FUNCTION = YES;
				GCC_WARN_UNUSED_VARIABLE = YES;
				IPHONEOS_DEPLOYMENT_TARGET = 10.0;
				MTL_ENABLE_DEBUG_INFO = NO;
				SDKROOT = iphoneos;
				SWIFT_OPTIMIZATION_LEVEL = "-Owholemodule";
				VALIDATE_PRODUCT = YES;
			};
			name = Release;
		};
		4A2248B81DD1711800F0A7A6 /* Debug */ = {
			isa = XCBuildConfiguration;
			buildSettings = {
				ASSETCATALOG_COMPILER_APPICON_NAME = AppIcon;
				ASSETCATALOG_COMPILER_LAUNCHIMAGE_NAME = LaunchImage;
				DEVELOPMENT_TEAM = 5J32R9MXM2;
				INFOPLIST_FILE = "$(SRCROOT)/QQMusic/Classes/Other/System/Info.plist";
				IPHONEOS_DEPLOYMENT_TARGET = 8.0;
				LD_RUNPATH_SEARCH_PATHS = "$(inherited) @executable_path/Frameworks";
				PRODUCT_BUNDLE_IDENTIFIER = "com.kuang-chi.QQMusic";
				PRODUCT_NAME = "$(TARGET_NAME)";
				SWIFT_VERSION = 3.0;
			};
			name = Debug;
		};
		4A2248B91DD1711800F0A7A6 /* Release */ = {
			isa = XCBuildConfiguration;
			buildSettings = {
				ASSETCATALOG_COMPILER_APPICON_NAME = AppIcon;
				ASSETCATALOG_COMPILER_LAUNCHIMAGE_NAME = LaunchImage;
				DEVELOPMENT_TEAM = 5J32R9MXM2;
				INFOPLIST_FILE = "$(SRCROOT)/QQMusic/Classes/Other/System/Info.plist";
				IPHONEOS_DEPLOYMENT_TARGET = 8.0;
				LD_RUNPATH_SEARCH_PATHS = "$(inherited) @executable_path/Frameworks";
				PRODUCT_BUNDLE_IDENTIFIER = "com.kuang-chi.QQMusic";
				PRODUCT_NAME = "$(TARGET_NAME)";
				SWIFT_VERSION = 3.0;
			};
			name = Release;
		};
/* End XCBuildConfiguration section */

/* Begin XCConfigurationList section */
		4A2248A01DD1711800F0A7A6 /* Build configuration list for PBXProject "QQMusic" */ = {
			isa = XCConfigurationList;
			buildConfigurations = (
				4A2248B51DD1711800F0A7A6 /* Debug */,
				4A2248B61DD1711800F0A7A6 /* Release */,
			);
			defaultConfigurationIsVisible = 0;
			defaultConfigurationName = Release;
		};
		4A2248B71DD1711800F0A7A6 /* Build configuration list for PBXNativeTarget "QQMusic" */ = {
			isa = XCConfigurationList;
			buildConfigurations = (
				4A2248B81DD1711800F0A7A6 /* Debug */,
				4A2248B91DD1711800F0A7A6 /* Release */,
			);
			defaultConfigurationIsVisible = 0;
			defaultConfigurationName = Release;
		};
/* End XCConfigurationList section */
	};
	rootObject = 4A22489D1DD1711800F0A7A6 /* Project object */;
}
